
Microsoft Visual Studio Solution File, Format Version 12.00
# Visual Studio Version 17
VisualStudioVersion = 17.5.2.0
MinimumVisualStudioVersion = 10.0.40219.1
Project("{FAE04EC0-301F-11D3-BF4B-00C04F79EFBC}") = "PicoGK_Run", "PicoGK_Run.csproj", "{4E88F627-64BC-8196-A15E-E281ABF2971C}"
EndProject
Project("{FAE04EC0-301F-11D3-BF4B-00C04F79EFBC}") = "PicoGK_Run.Tests", "PicoGK_Run.Tests\PicoGK_Run.Tests.csproj", "{C6275721-B113-4DB0-B98C-F9DFB77D95FA}"
EndProject
Global
	GlobalSection(SolutionConfigurationPlatforms) = preSolution
		Debug|Any CPU = Debug|Any CPU
		Debug|x64 = Debug|x64
		Debug|x86 = Debug|x86
		Release|Any CPU = Release|Any CPU
		Release|x64 = Release|x64
		Release|x86 = Release|x86
	EndGlobalSection
	GlobalSection(ProjectConfigurationPlatforms) = postSolution
		{4E88F627-64BC-8196-A15E-E281ABF2971C}.Debug|Any CPU.ActiveCfg = Debug|Any CPU
		{4E88F627-64BC-8196-A15E-E281ABF2971C}.Debug|Any CPU.Build.0 = Debug|Any CPU
		{4E88F627-64BC-8196-A15E-E281ABF2971C}.Debug|x64.ActiveCfg = Debug|Any CPU
		{4E88F627-64BC-8196-A15E-E281ABF2971C}.Debug|x64.Build.0 = Debug|Any CPU
		{4E88F627-64BC-8196-A15E-E281ABF2971C}.Debug|x86.ActiveCfg = Debug|Any CPU
		{4E88F627-64BC-8196-A15E-E281ABF2971C}.Debug|x86.Build.0 = Debug|Any CPU
		{4E88F627-64BC-8196-A15E-E281ABF2971C}.Release|Any CPU.ActiveCfg = Release|Any CPU
		{4E88F627-64BC-8196-A15E-E281ABF2971C}.Release|Any CPU.Build.0 = Release|Any CPU
		{4E88F627-64BC-8196-A15E-E281ABF2971C}.Release|x64.ActiveCfg = Release|Any CPU
		{4E88F627-64BC-8196-A15E-E281ABF2971C}.Release|x64.Build.0 = Release|Any CPU
		{4E88F627-64BC-8196-A15E-E281ABF2971C}.Release|x86.ActiveCfg = Release|Any CPU
		{4E88F627-64BC-8196-A15E-E281ABF2971C}.Release|x86.Build.0 = Release|Any CPU
		{C6275721-B113-4DB0-B98C-F9DFB77D95FA}.Debug|Any CPU.ActiveCfg = Debug|Any CPU
		{C6275721-B113-4DB0-B98C-F9DFB77D95FA}.Debug|Any CPU.Build.0 = Debug|Any CPU
		{C6275721-B113-4DB0-B98C-F9DFB77D95FA}.Debug|x64.ActiveCfg = Debug|Any CPU
		{C6275721-B113-4DB0-B98C-F9DFB77D95FA}.Debug|x64.Build.0 = Debug|Any CPU
		{C6275721-B113-4DB0-B98C-F9DFB77D95FA}.Debug|x86.ActiveCfg = Debug|Any CPU
		{C6275721-B113-4DB0-B98C-F9DFB77D95FA}.Debug|x86.Build.0 = Debug|Any CPU
		{C6275721-B113-4DB0-B98C-F9DFB77D95FA}.Release|Any CPU.ActiveCfg = Release|Any CPU
		{C6275721-B113-4DB0-B98C-F9DFB77D95FA}.Release|Any CPU.Build.0 = Release|Any CPU
		{C6275721-B113-4DB0-B98C-F9DFB77D95FA}.Release|x64.ActiveCfg = Release|Any CPU
		{C6275721-B113-4DB0-B98C-F9DFB77D95FA}.Release|x64.Build.0 = Release|Any CPU
		{C6275721-B113-4DB0-B98C-F9DFB77D95FA}.Release|x86.ActiveCfg = Release|Any CPU
		{C6275721-B113-4DB0-B98C-F9DFB77D95FA}.Release|x86.Build.0 = Release|Any CPU
	EndGlobalSection
	GlobalSection(SolutionProperties) = preSolution
		HideSolutionNode = FALSE
	EndGlobalSection
	GlobalSection(ExtensibilityGlobals) = postSolution
		SolutionGuid = {B4B96D31-D471-4346-B66E-99C6A0C4BFF7}
	EndGlobalSection
EndGlobal
