Microsoft Visual Studio Solution File, Format Version 12.00
# Visual Studio Version 17
VisualStudioVersion = 17.5.2.0
MinimumVisualStudioVersion = 10.0.40219.1
Project("{FAE04EC0-301F-11D3-BF4B-00C04F79EFBC}") = "PicoGK_Run", "PicoGK_Run.csproj", "{4E88F627-64BC-8196-A15E-E281ABF2971C}"
EndProject
Global
	GlobalSection(SolutionConfigurationPlatforms) = preSolution
		Debug|Any CPU = Debug|Any CPU
		Release|Any CPU = Release|Any CPU
	EndGlobalSection
	GlobalSection(ProjectConfigurationPlatforms) = postSolution
		{4E88F627-64BC-8196-A15E-E281ABF2971C}.Debug|Any CPU.ActiveCfg = Debug|Any CPU
		{4E88F627-64BC-8196-A15E-E281ABF2971C}.Debug|Any CPU.Build.0 = Debug|Any CPU
		{4E88F627-64BC-8196-A15E-E281ABF2971C}.Release|Any CPU.ActiveCfg = Release|Any CPU
		{4E88F627-64BC-8196-A15E-E281ABF2971C}.Release|Any CPU.Build.0 = Release|Any CPU
	EndGlobalSection
	GlobalSection(SolutionProperties) = preSolution
		HideSolutionNode = FALSE
	EndGlobalSection
	GlobalSection(ExtensibilityGlobals) = postSolution
		SolutionGuid = {B4B96D31-D471-4346-B66E-99C6A0C4BFF7}
	EndGlobalSection
EndGlobal
